hash: b9594a145700e6ae76699b7e0c3de25902d1c3f9e66f64e806ef60c0acf77a57
updated: 2016-12-20T14:35:42.974455821+09:00
imports:
- name: github.com/chasex/redis-go-cluster
  version: 222d81891f1d3fa7cf8b5655020352c3e5b4ec0f
- name: github.com/garyburd/redigo
  version: 0708def8b0cf3a05acdf44a7f28b864c2958921d
  subpackages:
  - internal
  - redis
- name: github.com/kayac/parallel-benchmark
  version: 8767c01bdc444833d8f996e2a97a0604a458c1ff
  subpackages:
  - benchmark
- name: github.com/mediocregopher/radix.v2
  version: 94451b037e02236d550bdc2035d0a9851749369b
  subpackages:
  - pool
  - redis
- name: gopkg.in/bsm/ratelimit.v1
  version: db14e161995a5177acef654cb0dd785e8ee8bc22
- name: gopkg.in/redis.v5
  version: 854c88a72c8bb9c09936145aef886b7697d6b995
  subpackages:
  - internal
  - internal/consistenthash
  - internal/hashtag
  - internal/pool
  - internal/proto
testImports: []
